
Microsoft Visual Studio Solution File, Format Version 12.00
# Visual Studio Version 17
VisualStudioVersion = 17.0.31903.59
MinimumVisualStudioVersion = 10.0.40219.1
Project("{FAE04EC0-301F-11D3-BF4B-00C04F79EFBC}") = "tester", "tester\tester.csproj", "{2B061741-D78B-4E33-81AA-63F4AC8E1AA8}"
EndProject
Global
	GlobalSection(SolutionConfigurationPlatforms) = preSolution
		Debug|Any CPU = Debug|Any CPU
		Release|Any CPU = Release|Any CPU
	EndGlobalSection
	GlobalSection(ProjectConfigurationPlatforms) = postSolution
		{2B061741-D78B-4E33-81AA-63F4AC8E1AA8}.Debug|Any CPU.ActiveCfg = Debug|Any CPU
		{2B061741-D78B-4E33-81AA-63F4AC8E1AA8}.Debug|Any CPU.Build.0 = Debug|Any CPU
		{2B061741-D78B-4E33-81AA-63F4AC8E1AA8}.Release|Any CPU.ActiveCfg = Release|Any CPU
		{2B061741-D78B-4E33-81AA-63F4AC8E1AA8}.Release|Any CPU.Build.0 = Release|Any CPU
	EndGlobalSection
	GlobalSection(SolutionProperties) = preSolution
		HideSolutionNode = FALSE
	EndGlobalSection
	GlobalSection(ExtensibilityGlobals) = postSolution
		SolutionGuid = {6BAF0E4D-D032-4A80-80B6-6AFB8A2D94A6}
	EndGlobalSection
EndGlobal
